// !$*UTF8*$!
{
	archiveVersion = 1;
	classes = {
	};
	objectVersion = 46;
	objects = {

/* Begin PBXBuildFile section */
		9275B1E81C005AB100D0FC38 /* Main.cpp in Sources */ = {isa = PBXBuildFile; fileRef = 9275B1E31C005AB100D0FC38 /* Main.cpp */; };
		9275B1EA1C005AB100D0FC38 /* TSP.cpp in Sources */ = {isa = PBXBuildFile; fileRef = 9275B1E61C005AB100D0FC38 /* TSP.cpp */; };
/* End PBXBuildFile section */

/* Begin PBXCopyFilesBuildPhase section */
		9275B1D51C005A7300D0FC38 /* CopyFiles */ = {
			isa = PBXCopyFilesBuildPhase;
			buildActionMask = 2147483647;
			dstPath = /usr/share/man/man1/;
			dstSubfolderSpec = 0;
			files = (
			);
			runOnlyForDeploymentPostprocessing = 1;
		};
/* End PBXCopyFilesBuildPhase section */

/* Begin PBXFileReference section */
		9275B1D71C005A7300D0FC38 /* tsp-mac */ = {isa = PBXFileReference; explicitFileType = "compiled.mach-o.executable"; includeInIndex = 0; path = "tsp-mac"; sourceTree = BUILT_PRODUCTS_DIR; };
		9275B1E31C005AB100D0FC38 /* Main.cpp */ = {isa = PBXFileReference; fileEncoding = 4; lastKnownFileType = sourcecode.cpp.cpp; path = Main.cpp; sourceTree = "<group>"; };
		9275B1E61C005AB100D0FC38 /* TSP.cpp */ = {isa = PBXFileReference; fileEncoding = 4; lastKnownFileType = sourcecode.cpp.cpp; path = TSP.cpp; sourceTree = "<group>"; };
		9275B1E71C005AB100D0FC38 /* TSP.h */ = {isa = PBXFileReference; fileEncoding = 4; lastKnownFileType = sourcecode.c.h; path = TSP.h; sourceTree = "<group>"; };
/* End PBXFileReference section */

/* Begin PBXFrameworksBuildPhase section */
		9275B1D41C005A7300D0FC38 /* Frameworks */ = {
			isa = PBXFrameworksBuildPhase;
			buildActionMask = 2147483647;
			files = (
			);
			runOnlyForDeploymentPostprocessing = 0;
		};
/* End PBXFrameworksBuildPhase section */

/* Begin PBXGroup section */
		9275B1CE1C005A7300D0FC38 = {
			isa = PBXGroup;
			children = (
				9275B1E11C005AA200D0FC38 /* Source */,
				9275B1D81C005A7300D0FC38 /* Products */,
			);
			sourceTree = "<group>";
		};
		9275B1D81C005A7300D0FC38 /* Products */ = {
			isa = PBXGroup;
			children = (
				9275B1D71C005A7300D0FC38 /* tsp-mac */,
			);
			name = Products;
			sourceTree = "<group>";
		};
		9275B1E11C005AA200D0FC38 /* Source */ = {
			isa = PBXGroup;
			children = (
				9275B1E31C005AB100D0FC38 /* Main.cpp */,
				9275B1E61C005AB100D0FC38 /* TSP.cpp */,
				9275B1E71C005AB100D0FC38 /* TSP.h */,
			);
			name = Source;
			sourceTree = "<group>";
		};
/* End PBXGroup section */

/* Begin PBXNativeTarget section */
		9275B1D61C005A7300D0FC38 /* tsp-mac */ = {
			isa = PBXNativeTarget;
			buildConfigurationList = 9275B1DE1C005A7300D0FC38 /* Build configuration list for PBXNativeTarget "tsp-mac" */;
			buildPhases = (
				9275B1D31C005A7300D0FC38 /* Sources */,
				9275B1D41C005A7300D0FC38 /* Frameworks */,
				9275B1D51C005A7300D0FC38 /* CopyFiles */,
			);
			buildRules = (
			);
			dependencies = (
			);
			name = "tsp-mac";
			productName = "tsp-mac";
			productReference = 9275B1D71C005A7300D0FC38 /* tsp-mac */;
			productType = "com.apple.product-type.tool";
		};
/* End PBXNativeTarget section */

/* Begin PBXProject section */
		9275B1CF1C005A7300D0FC38 /* Project object */ = {
			isa = PBXProject;
			attributes = {
				LastUpgradeCheck = 0710;
				ORGANIZATIONNAME = "Sanjay Madhav";
				TargetAttributes = {
					9275B1D61C005A7300D0FC38 = {
						CreatedOnToolsVersion = 7.1.1;
					};
				};
			};
			buildConfigurationList = 9275B1D21C005A7300D0FC38 /* Build configuration list for PBXProject "tsp-mac" */;
			compatibilityVersion = "Xcode 3.2";
			developmentRegion = English;
			hasScannedForEncodings = 0;
			knownRegions = (
				en,
			);
			mainGroup = 9275B1CE1C005A7300D0FC38;
			productRefGroup = 9275B1D81C005A7300D0FC38 /* Products */;
			projectDirPath = "";
			projectRoot = "";
			targets = (
				9275B1D61C005A7300D0FC38 /* tsp-mac */,
			);
		};
/* End PBXProject section */

/* Begin PBXSourcesBuildPhase section */
		9275B1D31C005A7300D0FC38 /* Sources */ = {
			isa = PBXSourcesBuildPhase;
			buildActionMask = 2147483647;
			files = (
				9275B1EA1C005AB100D0FC38 /* TSP.cpp in Sources */,
				9275B1E81C005AB100D0FC38 /* Main.cpp in Sources */,
			);
			runOnlyForDeploymentPostprocessing = 0;
		};
/* End PBXSourcesBuildPhase section */

/* Begin XCBuildConfiguration section */
		9275B1DC1C005A7300D0FC38 /* Debug */ = {
			isa = XCBuildConfiguration;
			buildSettings = {
				ALWAYS_SEARCH_USER_PATHS = NO;
				CLANG_CXX_LANGUAGE_STANDARD = "gnu++0x";
				CLANG_CXX_LIBRARY = "libc++";
				CLANG_ENABLE_MODULES = YES;
				CLANG_ENABLE_OBJC_ARC = YES;
				CLANG_WARN_BOOL_CONVERSION = YES;
				CLANG_WARN_CONSTANT_CONVERSION = YES;
				CLANG_WARN_DIRECT_OBJC_ISA_USAGE = YES_ERROR;
				CLANG_WARN_EMPTY_BODY = YES;
				CLANG_WARN_ENUM_CONVERSION = YES;
				CLANG_WARN_INT_CONVERSION = YES;
				CLANG_WARN_OBJC_ROOT_CLASS = YES_ERROR;
				CLANG_WARN_UNREACHABLE_CODE = YES;
				CLANG_WARN__DUPLICATE_METHOD_MATCH = YES;
				CODE_SIGN_IDENTITY = "-";
				COPY_PHASE_STRIP = NO;
				DEBUG_INFORMATION_FORMAT = dwarf;
				ENABLE_STRICT_OBJC_MSGSEND = YES;
				ENABLE_TESTABILITY = YES;
				GCC_C_LANGUAGE_STANDARD = gnu99;
				GCC_DYNAMIC_NO_PIC = NO;
				GCC_NO_COMMON_BLOCKS = YES;
				GCC_OPTIMIZATION_LEVEL = 0;
				GCC_PREPROCESSOR_DEFINITIONS = (
					"DEBUG=1",
					"$(inherited)",
				);
				GCC_WARN_64_TO_32_BIT_CONVERSION = YES;
				GCC_WARN_ABOUT_RETURN_TYPE = YES_ERROR;
				GCC_WARN_UNDECLARED_SELECTOR = YES;
				GCC_WARN_UNINITIALIZED_AUTOS = YES_AGGRESSIVE;
				GCC_WARN_UNUSED_FUNCTION = YES;
				GCC_WARN_UNUSED_VARIABLE = YES;
				MACOSX_DEPLOYMENT_TARGET = 10.10;
				MTL_ENABLE_DEBUG_INFO = YES;
				ONLY_ACTIVE_ARCH = YES;
				SDKROOT = macosx;
			};
			name = Debug;
		};
		9275B1DD1C005A7300D0FC38 /* Release */ = {
			isa = XCBuildConfiguration;
			buildSettings = {
				ALWAYS_SEARCH_USER_PATHS = NO;
				CLANG_CXX_LANGUAGE_STANDARD = "gnu++0x";
				CLANG_CXX_LIBRARY = "libc++";
				CLANG_ENABLE_MODULES = YES;
				CLANG_ENABLE_OBJC_ARC = YES;
				CLANG_WARN_BOOL_CONVERSION = YES;
				CLANG_WARN_CONSTANT_CONVERSION = YES;
				CLANG_WARN_DIRECT_OBJC_ISA_USAGE = YES_ERROR;
				CLANG_WARN_EMPTY_BODY = YES;
				CLANG_WARN_ENUM_CONVERSION = YES;
				CLANG_WARN_INT_CONVERSION = YES;
				CLANG_WARN_OBJC_ROOT_CLASS = YES_ERROR;
				CLANG_WARN_UNREACHABLE_CODE = YES;
				CLANG_WARN__DUPLICATE_METHOD_MATCH = YES;
				CODE_SIGN_IDENTITY = "-";
				COPY_PHASE_STRIP = NO;
				DEBUG_INFORMATION_FORMAT = "dwarf-with-dsym";
				ENABLE_NS_ASSERTIONS = NO;
				ENABLE_STRICT_OBJC_MSGSEND = YES;
				GCC_C_LANGUAGE_STANDARD = gnu99;
				GCC_NO_COMMON_BLOCKS = YES;
				GCC_WARN_64_TO_32_BIT_CONVERSION = YES;
				GCC_WARN_ABOUT_RETURN_TYPE = YES_ERROR;
				GCC_WARN_UNDECLARED_SELECTOR = YES;
				GCC_WARN_UNINITIALIZED_AUTOS = YES_AGGRESSIVE;
				GCC_WARN_UNUSED_FUNCTION = YES;
				GCC_WARN_UNUSED_VARIABLE = YES;
				MACOSX_DEPLOYMENT_TARGET = 10.10;
				MTL_ENABLE_DEBUG_INFO = NO;
				SDKROOT = macosx;
			};
			name = Release;
		};
		9275B1DF1C005A7300D0FC38 /* Debug */ = {
			isa = XCBuildConfiguration;
			buildSettings = {
				GCC_TREAT_WARNINGS_AS_ERRORS = YES;
				PRODUCT_NAME = "$(TARGET_NAME)";
			};
			name = Debug;
		};
		9275B1E01C005A7300D0FC38 /* Release */ = {
			isa = XCBuildConfiguration;
			buildSettings = {
				GCC_TREAT_WARNINGS_AS_ERRORS = YES;
				PRODUCT_NAME = "$(TARGET_NAME)";
			};
			name = Release;
		};
/* End XCBuildConfiguration section */

/* Begin XCConfigurationList section */
		9275B1D21C005A7300D0FC38 /* Build configuration list for PBXProject "tsp-mac" */ = {
			isa = XCConfigurationList;
			buildConfigurations = (
				9275B1DC1C005A7300D0FC38 /* Debug */,
				9275B1DD1C005A7300D0FC38 /* Release */,
			);
			defaultConfigurationIsVisible = 0;
			defaultConfigurationName = Release;
		};
		9275B1DE1C005A7300D0FC38 /* Build configuration list for PBXNativeTarget "tsp-mac" */ = {
			isa = XCConfigurationList;
			buildConfigurations = (
				9275B1DF1C005A7300D0FC38 /* Debug */,
				9275B1E01C005A7300D0FC38 /* Release */,
			);
			defaultConfigurationIsVisible = 0;
			defaultConfigurationName = Release;
		};
/* End XCConfigurationList section */
	};
	rootObject = 9275B1CF1C005A7300D0FC38 /* Project object */;
}
